
Microsoft Visual Studio Solution File, Format Version 12.00
# Visual Studio Version 17
VisualStudioVersion = 17.6.33815.320
MinimumVisualStudioVersion = 10.0.40219.1
Project("{FAE04EC0-301F-11D3-BF4B-00C04F79EFBC}") = "MQTT_Client_LCM", "MQTT_Client_LCM\MQTT_Client_LCM.csproj", "{2EC45F02-14A2-4660-A892-39F29C011BB7}"
EndProject
Global
	GlobalSection(SolutionConfigurationPlatforms) = preSolution
		Debug|Any CPU = Debug|Any CPU
		Release|Any CPU = Release|Any CPU
	EndGlobalSection
	GlobalSection(ProjectConfigurationPlatforms) = postSolution
		{2EC45F02-14A2-4660-A892-39F29C011BB7}.Debug|Any CPU.ActiveCfg = Debug|Any CPU
		{2EC45F02-14A2-4660-A892-39F29C011BB7}.Debug|Any CPU.Build.0 = Debug|Any CPU
		{2EC45F02-14A2-4660-A892-39F29C011BB7}.Release|Any CPU.ActiveCfg = Release|Any CPU
		{2EC45F02-14A2-4660-A892-39F29C011BB7}.Release|Any CPU.Build.0 = Release|Any CPU
	EndGlobalSection
	GlobalSection(SolutionProperties) = preSolution
		HideSolutionNode = FALSE
	EndGlobalSection
	GlobalSection(ExtensibilityGlobals) = postSolution
		SolutionGuid = {539723CD-0346-4D8D-ABCD-8AC0ABE2C7F1}
	EndGlobalSection
EndGlobal
