Microsoft Visual Studio Solution File, Format Version 12.00
# Visual Studio Version 17
VisualStudioVersion = 17.5.2.0
MinimumVisualStudioVersion = 10.0.40219.1
Project("{FAE04EC0-301F-11D3-BF4B-00C04F79EFBC}") = "MQTT_Client_LCM", "MQTT_Client_LCM\MQTT_Client_LCM.csproj", "{1B5CE4A7-F2DD-03C9-1E67-07AFBC31D47A}"
EndProject
Global
	GlobalSection(SolutionConfigurationPlatforms) = preSolution
		Debug|Any CPU = Debug|Any CPU
		Release|Any CPU = Release|Any CPU
	EndGlobalSection
	GlobalSection(ProjectConfigurationPlatforms) = postSolution
		{1B5CE4A7-F2DD-03C9-1E67-07AFBC31D47A}.Debug|Any CPU.ActiveCfg = Debug|Any CPU
		{1B5CE4A7-F2DD-03C9-1E67-07AFBC31D47A}.Debug|Any CPU.Build.0 = Debug|Any CPU
		{1B5CE4A7-F2DD-03C9-1E67-07AFBC31D47A}.Release|Any CPU.ActiveCfg = Release|Any CPU
		{1B5CE4A7-F2DD-03C9-1E67-07AFBC31D47A}.Release|Any CPU.Build.0 = Release|Any CPU
	EndGlobalSection
	GlobalSection(SolutionProperties) = preSolution
		HideSolutionNode = FALSE
	EndGlobalSection
	GlobalSection(ExtensibilityGlobals) = postSolution
		SolutionGuid = {E18EA94D-FA16-4BC4-BE5B-149298D9E455}
	EndGlobalSection
EndGlobal
